
Microsoft Visual Studio Solution File, Format Version 12.00
# Visual Studio 15
VisualStudioVersion = 15.0.28010.2016
MinimumVisualStudioVersion = 10.0.40219.1
Project("{9A19103F-16F7-4668-BE54-9A1E7A4F7556}") = "PMTs.WebAPI", "PMTs.WebAPI\PMTs.WebAPI.csproj", "{87D53FCC-9EAC-449E-9620-385948D0E354}"
	ProjectSection(ProjectDependencies) = postProject
		{3E86D033-C257-43B6-A5D8-E07C744AE131} = {3E86D033-C257-43B6-A5D8-E07C744AE131}
	EndProjectSection
EndProject
Project("{9A19103F-16F7-4668-BE54-9A1E7A4F7556}") = "PMTs.DataAccess", "PMTs.DataAccess\PMTs.DataAccess.csproj", "{95D973F9-4F0C-4613-A899-9FA47B901F4F}"
EndProject
Project("{FAE04EC0-301F-11D3-BF4B-00C04F79EFBC}") = "Encryption", "Encryption\Encryption.csproj", "{3E86D033-C257-43B6-A5D8-E07C744AE131}"
EndProject
Project("{9A19103F-16F7-4668-BE54-9A1E7A4F7556}") = "PMTs.Log", "Logs\PMTs.Log.csproj", "{DA58817B-5CCB-4E40-9F1F-868493FBDD08}"
EndProject
Global
	GlobalSection(SolutionConfigurationPlatforms) = preSolution
		Debug|Any CPU = Debug|Any CPU
		Release|Any CPU = Release|Any CPU
	EndGlobalSection
	GlobalSection(ProjectConfigurationPlatforms) = postSolution
		{87D53FCC-9EAC-449E-9620-385948D0E354}.Debug|Any CPU.ActiveCfg = Debug|Any CPU
		{87D53FCC-9EAC-449E-9620-385948D0E354}.Debug|Any CPU.Build.0 = Debug|Any CPU
		{87D53FCC-9EAC-449E-9620-385948D0E354}.Release|Any CPU.ActiveCfg = Release|Any CPU
		{87D53FCC-9EAC-449E-9620-385948D0E354}.Release|Any CPU.Build.0 = Release|Any CPU
		{95D973F9-4F0C-4613-A899-9FA47B901F4F}.Debug|Any CPU.ActiveCfg = Debug|Any CPU
		{95D973F9-4F0C-4613-A899-9FA47B901F4F}.Debug|Any CPU.Build.0 = Debug|Any CPU
		{95D973F9-4F0C-4613-A899-9FA47B901F4F}.Release|Any CPU.ActiveCfg = Release|Any CPU
		{95D973F9-4F0C-4613-A899-9FA47B901F4F}.Release|Any CPU.Build.0 = Release|Any CPU
		{3E86D033-C257-43B6-A5D8-E07C744AE131}.Debug|Any CPU.ActiveCfg = Debug|Any CPU
		{3E86D033-C257-43B6-A5D8-E07C744AE131}.Debug|Any CPU.Build.0 = Debug|Any CPU
		{3E86D033-C257-43B6-A5D8-E07C744AE131}.Release|Any CPU.ActiveCfg = Release|Any CPU
		{3E86D033-C257-43B6-A5D8-E07C744AE131}.Release|Any CPU.Build.0 = Release|Any CPU
		{DA58817B-5CCB-4E40-9F1F-868493FBDD08}.Debug|Any CPU.ActiveCfg = Debug|Any CPU
		{DA58817B-5CCB-4E40-9F1F-868493FBDD08}.Debug|Any CPU.Build.0 = Debug|Any CPU
		{DA58817B-5CCB-4E40-9F1F-868493FBDD08}.Release|Any CPU.ActiveCfg = Release|Any CPU
		{DA58817B-5CCB-4E40-9F1F-868493FBDD08}.Release|Any CPU.Build.0 = Release|Any CPU
	EndGlobalSection
	GlobalSection(SolutionProperties) = preSolution
		HideSolutionNode = FALSE
	EndGlobalSection
	GlobalSection(ExtensibilityGlobals) = postSolution
		SolutionGuid = {0B6FB9D3-E173-4088-9B01-DC7CAF795E41}
	EndGlobalSection
EndGlobal
